
Microsoft Visual Studio Solution File, Format Version 12.00
Project("{FAE04EC0-301F-11D3-BF4B-00C04F79EFBC}") = "EfCoreRepo", "EfCoreRepo\EfCoreRepo.csproj", "{42953F93-8D77-4D1B-9045-3DD7BA9C1096}"
EndProject
Global
	GlobalSection(SolutionConfigurationPlatforms) = preSolution
		Debug|Any CPU = Debug|Any CPU
		Release|Any CPU = Release|Any CPU
	EndGlobalSection
	GlobalSection(ProjectConfigurationPlatforms) = postSolution
		{42953F93-8D77-4D1B-9045-3DD7BA9C1096}.Debug|Any CPU.ActiveCfg = Debug|Any CPU
		{42953F93-8D77-4D1B-9045-3DD7BA9C1096}.Debug|Any CPU.Build.0 = Debug|Any CPU
		{42953F93-8D77-4D1B-9045-3DD7BA9C1096}.Release|Any CPU.ActiveCfg = Release|Any CPU
		{42953F93-8D77-4D1B-9045-3DD7BA9C1096}.Release|Any CPU.Build.0 = Release|Any CPU
	EndGlobalSection
EndGlobal
